
Microsoft Visual Studio Solution File, Format Version 12.00
# Visual Studio Version 16
VisualStudioVersion = 16.0.29613.14
MinimumVisualStudioVersion = 10.0.40219.1
Project("{9A19103F-16F7-4668-BE54-9A1E7A4F7556}") = "PedaGo.WebApplication", "PedaGo.WebApplication\PedaGo.WebApplication.csproj", "{188F1058-FE65-4532-B751-A60B137BF3FE}"
EndProject
Project("{9A19103F-16F7-4668-BE54-9A1E7A4F7556}") = "PedaGo.UserMobileApp", "PedaGo.UserMobileApp\PedaGo.UserMobileApp\PedaGo.UserMobileApp.csproj", "{8202D6A6-17E5-4127-BD65-1BAEA463E695}"
EndProject
Project("{FAE04EC0-301F-11D3-BF4B-00C04F79EFBC}") = "PedaGo.UserMobileApp.Android", "PedaGo.UserMobileApp\PedaGo.UserMobileApp.Android\PedaGo.UserMobileApp.Android.csproj", "{B3C0C43B-CE7D-4FFD-B905-D04EEACD6685}"
EndProject
Project("{FAE04EC0-301F-11D3-BF4B-00C04F79EFBC}") = "PedaGo.UserMobileApp.iOS", "PedaGo.UserMobileApp\PedaGo.UserMobileApp.iOS\PedaGo.UserMobileApp.iOS.csproj", "{A0AE8538-4E8E-4B3A-8CC3-8A91F1933E9B}"
EndProject
Project("{9A19103F-16F7-4668-BE54-9A1E7A4F7556}") = "PedaGo.Entities", "PedaGo.Entities\PedaGo.Entities.csproj", "{A4FC3AAF-3515-4538-B44C-4C55ECA15BA3}"
EndProject
Project("{9A19103F-16F7-4668-BE54-9A1E7A4F7556}") = "PedaGo.Business.Contracts", "PedaGo.Business.Contracts\PedaGo.Business.Contracts.csproj", "{5108F8F3-BC4C-404E-9E2F-CBD74AEC3180}"
EndProject
Project("{9A19103F-16F7-4668-BE54-9A1E7A4F7556}") = "PedaGo.Business", "PedaGo.Business\PedaGo.Business.csproj", "{C9ACA285-1231-4803-857B-5AC8E4C92A04}"
EndProject
Project("{9A19103F-16F7-4668-BE54-9A1E7A4F7556}") = "PedaGo.Repository.Contracts", "PedaGo.Repository.Contracts\PedaGo.Repository.Contracts.csproj", "{E66C7BA5-8F16-4766-90DB-B9A6791109E5}"
EndProject
Project("{9A19103F-16F7-4668-BE54-9A1E7A4F7556}") = "PedaGo.Repository", "PedaGo.Repository\PedaGo.Repository.csproj", "{8FC21F47-A7BB-4BB1-9A21-A1502C02B974}"
EndProject
Project("{9A19103F-16F7-4668-BE54-9A1E7A4F7556}") = "PedaGo.EntityContext", "PedaGo.EntityContext\PedaGo.EntityContext.csproj", "{6921AEE4-BD0C-4AC3-BCEE-6CBF536C54B3}"
EndProject
Global
	GlobalSection(SolutionConfigurationPlatforms) = preSolution
		Ad-Hoc|Any CPU = Ad-Hoc|Any CPU
		Ad-Hoc|iPhone = Ad-Hoc|iPhone
		Ad-Hoc|iPhoneSimulator = Ad-Hoc|iPhoneSimulator
		AppStore|Any CPU = AppStore|Any CPU
		AppStore|iPhone = AppStore|iPhone
		AppStore|iPhoneSimulator = AppStore|iPhoneSimulator
		Debug|Any CPU = Debug|Any CPU
		Debug|iPhone = Debug|iPhone
		Debug|iPhoneSimulator = Debug|iPhoneSimulator
		Release|Any CPU = Release|Any CPU
		Release|iPhone = Release|iPhone
		Release|iPhoneSimulator = Release|iPhoneSimulator
	EndGlobalSection
	GlobalSection(ProjectConfigurationPlatforms) = postSolution
		{188F1058-FE65-4532-B751-A60B137BF3FE}.Ad-Hoc|Any CPU.ActiveCfg = Release|Any CPU
		{188F1058-FE65-4532-B751-A60B137BF3FE}.Ad-Hoc|Any CPU.Build.0 = Release|Any CPU
		{188F1058-FE65-4532-B751-A60B137BF3FE}.Ad-Hoc|iPhone.ActiveCfg = Release|Any CPU
		{188F1058-FE65-4532-B751-A60B137BF3FE}.Ad-Hoc|iPhone.Build.0 = Release|Any CPU
		{188F1058-FE65-4532-B751-A60B137BF3FE}.Ad-Hoc|iPhoneSimulator.ActiveCfg = Release|Any CPU
		{188F1058-FE65-4532-B751-A60B137BF3FE}.Ad-Hoc|iPhoneSimulator.Build.0 = Release|Any CPU
		{188F1058-FE65-4532-B751-A60B137BF3FE}.AppStore|Any CPU.ActiveCfg = Release|Any CPU
		{188F1058-FE65-4532-B751-A60B137BF3FE}.AppStore|Any CPU.Build.0 = Release|Any CPU
		{188F1058-FE65-4532-B751-A60B137BF3FE}.AppStore|iPhone.ActiveCfg = Release|Any CPU
		{188F1058-FE65-4532-B751-A60B137BF3FE}.AppStore|iPhone.Build.0 = Release|Any CPU
		{188F1058-FE65-4532-B751-A60B137BF3FE}.AppStore|iPhoneSimulator.ActiveCfg = Release|Any CPU
		{188F1058-FE65-4532-B751-A60B137BF3FE}.AppStore|iPhoneSimulator.Build.0 = Release|Any CPU
		{188F1058-FE65-4532-B751-A60B137BF3FE}.Debug|Any CPU.ActiveCfg = Debug|Any CPU
		{188F1058-FE65-4532-B751-A60B137BF3FE}.Debug|Any CPU.Build.0 = Debug|Any CPU
		{188F1058-FE65-4532-B751-A60B137BF3FE}.Debug|iPhone.ActiveCfg = Debug|Any CPU
		{188F1058-FE65-4532-B751-A60B137BF3FE}.Debug|iPhone.Build.0 = Debug|Any CPU
		{188F1058-FE65-4532-B751-A60B137BF3FE}.Debug|iPhoneSimulator.ActiveCfg = Debug|Any CPU
		{188F1058-FE65-4532-B751-A60B137BF3FE}.Debug|iPhoneSimulator.Build.0 = Debug|Any CPU
		{188F1058-FE65-4532-B751-A60B137BF3FE}.Release|Any CPU.ActiveCfg = Release|Any CPU
		{188F1058-FE65-4532-B751-A60B137BF3FE}.Release|Any CPU.Build.0 = Release|Any CPU
		{188F1058-FE65-4532-B751-A60B137BF3FE}.Release|iPhone.ActiveCfg = Release|Any CPU
		{188F1058-FE65-4532-B751-A60B137BF3FE}.Release|iPhone.Build.0 = Release|Any CPU
		{188F1058-FE65-4532-B751-A60B137BF3FE}.Release|iPhoneSimulator.ActiveCfg = Release|Any CPU
		{188F1058-FE65-4532-B751-A60B137BF3FE}.Release|iPhoneSimulator.Build.0 = Release|Any CPU
		{8202D6A6-17E5-4127-BD65-1BAEA463E695}.Ad-Hoc|Any CPU.ActiveCfg = Debug|Any CPU
		{8202D6A6-17E5-4127-BD65-1BAEA463E695}.Ad-Hoc|Any CPU.Build.0 = Debug|Any CPU
		{8202D6A6-17E5-4127-BD65-1BAEA463E695}.Ad-Hoc|iPhone.ActiveCfg = Debug|Any CPU
		{8202D6A6-17E5-4127-BD65-1BAEA463E695}.Ad-Hoc|iPhone.Build.0 = Debug|Any CPU
		{8202D6A6-17E5-4127-BD65-1BAEA463E695}.Ad-Hoc|iPhoneSimulator.ActiveCfg = Debug|Any CPU
		{8202D6A6-17E5-4127-BD65-1BAEA463E695}.Ad-Hoc|iPhoneSimulator.Build.0 = Debug|Any CPU
		{8202D6A6-17E5-4127-BD65-1BAEA463E695}.AppStore|Any CPU.ActiveCfg = Debug|Any CPU
		{8202D6A6-17E5-4127-BD65-1BAEA463E695}.AppStore|Any CPU.Build.0 = Debug|Any CPU
		{8202D6A6-17E5-4127-BD65-1BAEA463E695}.AppStore|iPhone.ActiveCfg = Debug|Any CPU
		{8202D6A6-17E5-4127-BD65-1BAEA463E695}.AppStore|iPhone.Build.0 = Debug|Any CPU
		{8202D6A6-17E5-4127-BD65-1BAEA463E695}.AppStore|iPhoneSimulator.ActiveCfg = Debug|Any CPU
		{8202D6A6-17E5-4127-BD65-1BAEA463E695}.AppStore|iPhoneSimulator.Build.0 = Debug|Any CPU
		{8202D6A6-17E5-4127-BD65-1BAEA463E695}.Debug|Any CPU.ActiveCfg = Debug|Any CPU
		{8202D6A6-17E5-4127-BD65-1BAEA463E695}.Debug|Any CPU.Build.0 = Debug|Any CPU
		{8202D6A6-17E5-4127-BD65-1BAEA463E695}.Debug|iPhone.ActiveCfg = Debug|Any CPU
		{8202D6A6-17E5-4127-BD65-1BAEA463E695}.Debug|iPhone.Build.0 = Debug|Any CPU
		{8202D6A6-17E5-4127-BD65-1BAEA463E695}.Debug|iPhoneSimulator.ActiveCfg = Debug|Any CPU
		{8202D6A6-17E5-4127-BD65-1BAEA463E695}.Debug|iPhoneSimulator.Build.0 = Debug|Any CPU
		{8202D6A6-17E5-4127-BD65-1BAEA463E695}.Release|Any CPU.ActiveCfg = Release|Any CPU
		{8202D6A6-17E5-4127-BD65-1BAEA463E695}.Release|Any CPU.Build.0 = Release|Any CPU
		{8202D6A6-17E5-4127-BD65-1BAEA463E695}.Release|iPhone.ActiveCfg = Release|Any CPU
		{8202D6A6-17E5-4127-BD65-1BAEA463E695}.Release|iPhone.Build.0 = Release|Any CPU
		{8202D6A6-17E5-4127-BD65-1BAEA463E695}.Release|iPhoneSimulator.ActiveCfg = Release|Any CPU
		{8202D6A6-17E5-4127-BD65-1BAEA463E695}.Release|iPhoneSimulator.Build.0 = Release|Any CPU
		{B3C0C43B-CE7D-4FFD-B905-D04EEACD6685}.Ad-Hoc|Any CPU.ActiveCfg = Release|Any CPU
		{B3C0C43B-CE7D-4FFD-B905-D04EEACD6685}.Ad-Hoc|Any CPU.Build.0 = Release|Any CPU
		{B3C0C43B-CE7D-4FFD-B905-D04EEACD6685}.Ad-Hoc|Any CPU.Deploy.0 = Release|Any CPU
		{B3C0C43B-CE7D-4FFD-B905-D04EEACD6685}.Ad-Hoc|iPhone.ActiveCfg = Release|Any CPU
		{B3C0C43B-CE7D-4FFD-B905-D04EEACD6685}.Ad-Hoc|iPhone.Build.0 = Release|Any CPU
		{B3C0C43B-CE7D-4FFD-B905-D04EEACD6685}.Ad-Hoc|iPhone.Deploy.0 = Release|Any CPU
		{B3C0C43B-CE7D-4FFD-B905-D04EEACD6685}.Ad-Hoc|iPhoneSimulator.ActiveCfg = Release|Any CPU
		{B3C0C43B-CE7D-4FFD-B905-D04EEACD6685}.Ad-Hoc|iPhoneSimulator.Build.0 = Release|Any CPU
		{B3C0C43B-CE7D-4FFD-B905-D04EEACD6685}.Ad-Hoc|iPhoneSimulator.Deploy.0 = Release|Any CPU
		{B3C0C43B-CE7D-4FFD-B905-D04EEACD6685}.AppStore|Any CPU.ActiveCfg = Release|Any CPU
		{B3C0C43B-CE7D-4FFD-B905-D04EEACD6685}.AppStore|Any CPU.Build.0 = Release|Any CPU
		{B3C0C43B-CE7D-4FFD-B905-D04EEACD6685}.AppStore|Any CPU.Deploy.0 = Release|Any CPU
		{B3C0C43B-CE7D-4FFD-B905-D04EEACD6685}.AppStore|iPhone.ActiveCfg = Release|Any CPU
		{B3C0C43B-CE7D-4FFD-B905-D04EEACD6685}.AppStore|iPhone.Build.0 = Release|Any CPU
		{B3C0C43B-CE7D-4FFD-B905-D04EEACD6685}.AppStore|iPhone.Deploy.0 = Release|Any CPU
		{B3C0C43B-CE7D-4FFD-B905-D04EEACD6685}.AppStore|iPhoneSimulator.ActiveCfg = Release|Any CPU
		{B3C0C43B-CE7D-4FFD-B905-D04EEACD6685}.AppStore|iPhoneSimulator.Build.0 = Release|Any CPU
		{B3C0C43B-CE7D-4FFD-B905-D04EEACD6685}.AppStore|iPhoneSimulator.Deploy.0 = Release|Any CPU
		{B3C0C43B-CE7D-4FFD-B905-D04EEACD6685}.Debug|Any CPU.ActiveCfg = Debug|Any CPU
		{B3C0C43B-CE7D-4FFD-B905-D04EEACD6685}.Debug|Any CPU.Build.0 = Debug|Any CPU
		{B3C0C43B-CE7D-4FFD-B905-D04EEACD6685}.Debug|Any CPU.Deploy.0 = Debug|Any CPU
		{B3C0C43B-CE7D-4FFD-B905-D04EEACD6685}.Debug|iPhone.ActiveCfg = Debug|Any CPU
		{B3C0C43B-CE7D-4FFD-B905-D04EEACD6685}.Debug|iPhone.Build.0 = Debug|Any CPU
		{B3C0C43B-CE7D-4FFD-B905-D04EEACD6685}.Debug|iPhone.Deploy.0 = Debug|Any CPU
		{B3C0C43B-CE7D-4FFD-B905-D04EEACD6685}.Debug|iPhoneSimulator.ActiveCfg = Debug|Any CPU
		{B3C0C43B-CE7D-4FFD-B905-D04EEACD6685}.Debug|iPhoneSimulator.Build.0 = Debug|Any CPU
		{B3C0C43B-CE7D-4FFD-B905-D04EEACD6685}.Debug|iPhoneSimulator.Deploy.0 = Debug|Any CPU
		{B3C0C43B-CE7D-4FFD-B905-D04EEACD6685}.Release|Any CPU.ActiveCfg = Release|Any CPU
		{B3C0C43B-CE7D-4FFD-B905-D04EEACD6685}.Release|Any CPU.Build.0 = Release|Any CPU
		{B3C0C43B-CE7D-4FFD-B905-D04EEACD6685}.Release|Any CPU.Deploy.0 = Release|Any CPU
		{B3C0C43B-CE7D-4FFD-B905-D04EEACD6685}.Release|iPhone.ActiveCfg = Release|Any CPU
		{B3C0C43B-CE7D-4FFD-B905-D04EEACD6685}.Release|iPhone.Build.0 = Release|Any CPU
		{B3C0C43B-CE7D-4FFD-B905-D04EEACD6685}.Release|iPhone.Deploy.0 = Release|Any CPU
		{B3C0C43B-CE7D-4FFD-B905-D04EEACD6685}.Release|iPhoneSimulator.ActiveCfg = Release|Any CPU
		{B3C0C43B-CE7D-4FFD-B905-D04EEACD6685}.Release|iPhoneSimulator.Build.0 = Release|Any CPU
		{B3C0C43B-CE7D-4FFD-B905-D04EEACD6685}.Release|iPhoneSimulator.Deploy.0 = Release|Any CPU
		{A0AE8538-4E8E-4B3A-8CC3-8A91F1933E9B}.Ad-Hoc|Any CPU.ActiveCfg = Ad-Hoc|iPhone
		{A0AE8538-4E8E-4B3A-8CC3-8A91F1933E9B}.Ad-Hoc|iPhone.ActiveCfg = Ad-Hoc|iPhone
		{A0AE8538-4E8E-4B3A-8CC3-8A91F1933E9B}.Ad-Hoc|iPhone.Build.0 = Ad-Hoc|iPhone
		{A0AE8538-4E8E-4B3A-8CC3-8A91F1933E9B}.Ad-Hoc|iPhoneSimulator.ActiveCfg = Ad-Hoc|iPhoneSimulator
		{A0AE8538-4E8E-4B3A-8CC3-8A91F1933E9B}.Ad-Hoc|iPhoneSimulator.Build.0 = Ad-Hoc|iPhoneSimulator
		{A0AE8538-4E8E-4B3A-8CC3-8A91F1933E9B}.AppStore|Any CPU.ActiveCfg = AppStore|iPhone
		{A0AE8538-4E8E-4B3A-8CC3-8A91F1933E9B}.AppStore|iPhone.ActiveCfg = AppStore|iPhone
		{A0AE8538-4E8E-4B3A-8CC3-8A91F1933E9B}.AppStore|iPhone.Build.0 = AppStore|iPhone
		{A0AE8538-4E8E-4B3A-8CC3-8A91F1933E9B}.AppStore|iPhoneSimulator.ActiveCfg = AppStore|iPhoneSimulator
		{A0AE8538-4E8E-4B3A-8CC3-8A91F1933E9B}.AppStore|iPhoneSimulator.Build.0 = AppStore|iPhoneSimulator
		{A0AE8538-4E8E-4B3A-8CC3-8A91F1933E9B}.Debug|Any CPU.ActiveCfg = Debug|iPhone
		{A0AE8538-4E8E-4B3A-8CC3-8A91F1933E9B}.Debug|iPhone.ActiveCfg = Debug|iPhone
		{A0AE8538-4E8E-4B3A-8CC3-8A91F1933E9B}.Debug|iPhone.Build.0 = Debug|iPhone
		{A0AE8538-4E8E-4B3A-8CC3-8A91F1933E9B}.Debug|iPhoneSimulator.ActiveCfg = Debug|iPhoneSimulator
		{A0AE8538-4E8E-4B3A-8CC3-8A91F1933E9B}.Debug|iPhoneSimulator.Build.0 = Debug|iPhoneSimulator
		{A0AE8538-4E8E-4B3A-8CC3-8A91F1933E9B}.Release|Any CPU.ActiveCfg = Release|iPhone
		{A0AE8538-4E8E-4B3A-8CC3-8A91F1933E9B}.Release|iPhone.ActiveCfg = Release|iPhone
		{A0AE8538-4E8E-4B3A-8CC3-8A91F1933E9B}.Release|iPhone.Build.0 = Release|iPhone
		{A0AE8538-4E8E-4B3A-8CC3-8A91F1933E9B}.Release|iPhoneSimulator.ActiveCfg = Release|iPhoneSimulator
		{A0AE8538-4E8E-4B3A-8CC3-8A91F1933E9B}.Release|iPhoneSimulator.Build.0 = Release|iPhoneSimulator
		{A4FC3AAF-3515-4538-B44C-4C55ECA15BA3}.Ad-Hoc|Any CPU.ActiveCfg = Debug|Any CPU
		{A4FC3AAF-3515-4538-B44C-4C55ECA15BA3}.Ad-Hoc|Any CPU.Build.0 = Debug|Any CPU
		{A4FC3AAF-3515-4538-B44C-4C55ECA15BA3}.Ad-Hoc|iPhone.ActiveCfg = Debug|Any CPU
		{A4FC3AAF-3515-4538-B44C-4C55ECA15BA3}.Ad-Hoc|iPhone.Build.0 = Debug|Any CPU
		{A4FC3AAF-3515-4538-B44C-4C55ECA15BA3}.Ad-Hoc|iPhoneSimulator.ActiveCfg = Debug|Any CPU
		{A4FC3AAF-3515-4538-B44C-4C55ECA15BA3}.Ad-Hoc|iPhoneSimulator.Build.0 = Debug|Any CPU
		{A4FC3AAF-3515-4538-B44C-4C55ECA15BA3}.AppStore|Any CPU.ActiveCfg = Debug|Any CPU
		{A4FC3AAF-3515-4538-B44C-4C55ECA15BA3}.AppStore|Any CPU.Build.0 = Debug|Any CPU
		{A4FC3AAF-3515-4538-B44C-4C55ECA15BA3}.AppStore|iPhone.ActiveCfg = Debug|Any CPU
		{A4FC3AAF-3515-4538-B44C-4C55ECA15BA3}.AppStore|iPhone.Build.0 = Debug|Any CPU
		{A4FC3AAF-3515-4538-B44C-4C55ECA15BA3}.AppStore|iPhoneSimulator.ActiveCfg = Debug|Any CPU
		{A4FC3AAF-3515-4538-B44C-4C55ECA15BA3}.AppStore|iPhoneSimulator.Build.0 = Debug|Any CPU
		{A4FC3AAF-3515-4538-B44C-4C55ECA15BA3}.Debug|Any CPU.ActiveCfg = Debug|Any CPU
		{A4FC3AAF-3515-4538-B44C-4C55ECA15BA3}.Debug|Any CPU.Build.0 = Debug|Any CPU
		{A4FC3AAF-3515-4538-B44C-4C55ECA15BA3}.Debug|iPhone.ActiveCfg = Debug|Any CPU
		{A4FC3AAF-3515-4538-B44C-4C55ECA15BA3}.Debug|iPhone.Build.0 = Debug|Any CPU
		{A4FC3AAF-3515-4538-B44C-4C55ECA15BA3}.Debug|iPhoneSimulator.ActiveCfg = Debug|Any CPU
		{A4FC3AAF-3515-4538-B44C-4C55ECA15BA3}.Debug|iPhoneSimulator.Build.0 = Debug|Any CPU
		{A4FC3AAF-3515-4538-B44C-4C55ECA15BA3}.Release|Any CPU.ActiveCfg = Release|Any CPU
		{A4FC3AAF-3515-4538-B44C-4C55ECA15BA3}.Release|Any CPU.Build.0 = Release|Any CPU
		{A4FC3AAF-3515-4538-B44C-4C55ECA15BA3}.Release|iPhone.ActiveCfg = Release|Any CPU
		{A4FC3AAF-3515-4538-B44C-4C55ECA15BA3}.Release|iPhone.Build.0 = Release|Any CPU
		{A4FC3AAF-3515-4538-B44C-4C55ECA15BA3}.Release|iPhoneSimulator.ActiveCfg = Release|Any CPU
		{A4FC3AAF-3515-4538-B44C-4C55ECA15BA3}.Release|iPhoneSimulator.Build.0 = Release|Any CPU
		{5108F8F3-BC4C-404E-9E2F-CBD74AEC3180}.Ad-Hoc|Any CPU.ActiveCfg = Debug|Any CPU
		{5108F8F3-BC4C-404E-9E2F-CBD74AEC3180}.Ad-Hoc|Any CPU.Build.0 = Debug|Any CPU
		{5108F8F3-BC4C-404E-9E2F-CBD74AEC3180}.Ad-Hoc|iPhone.ActiveCfg = Debug|Any CPU
		{5108F8F3-BC4C-404E-9E2F-CBD74AEC3180}.Ad-Hoc|iPhone.Build.0 = Debug|Any CPU
		{5108F8F3-BC4C-404E-9E2F-CBD74AEC3180}.Ad-Hoc|iPhoneSimulator.ActiveCfg = Debug|Any CPU
		{5108F8F3-BC4C-404E-9E2F-CBD74AEC3180}.Ad-Hoc|iPhoneSimulator.Build.0 = Debug|Any CPU
		{5108F8F3-BC4C-404E-9E2F-CBD74AEC3180}.AppStore|Any CPU.ActiveCfg = Debug|Any CPU
		{5108F8F3-BC4C-404E-9E2F-CBD74AEC3180}.AppStore|Any CPU.Build.0 = Debug|Any CPU
		{5108F8F3-BC4C-404E-9E2F-CBD74AEC3180}.AppStore|iPhone.ActiveCfg = Debug|Any CPU
		{5108F8F3-BC4C-404E-9E2F-CBD74AEC3180}.AppStore|iPhone.Build.0 = Debug|Any CPU
		{5108F8F3-BC4C-404E-9E2F-CBD74AEC3180}.AppStore|iPhoneSimulator.ActiveCfg = Debug|Any CPU
		{5108F8F3-BC4C-404E-9E2F-CBD74AEC3180}.AppStore|iPhoneSimulator.Build.0 = Debug|Any CPU
		{5108F8F3-BC4C-404E-9E2F-CBD74AEC3180}.Debug|Any CPU.ActiveCfg = Debug|Any CPU
		{5108F8F3-BC4C-404E-9E2F-CBD74AEC3180}.Debug|Any CPU.Build.0 = Debug|Any CPU
		{5108F8F3-BC4C-404E-9E2F-CBD74AEC3180}.Debug|iPhone.ActiveCfg = Debug|Any CPU
		{5108F8F3-BC4C-404E-9E2F-CBD74AEC3180}.Debug|iPhone.Build.0 = Debug|Any CPU
		{5108F8F3-BC4C-404E-9E2F-CBD74AEC3180}.Debug|iPhoneSimulator.ActiveCfg = Debug|Any CPU
		{5108F8F3-BC4C-404E-9E2F-CBD74AEC3180}.Debug|iPhoneSimulator.Build.0 = Debug|Any CPU
		{5108F8F3-BC4C-404E-9E2F-CBD74AEC3180}.Release|Any CPU.ActiveCfg = Release|Any CPU
		{5108F8F3-BC4C-404E-9E2F-CBD74AEC3180}.Release|Any CPU.Build.0 = Release|Any CPU
		{5108F8F3-BC4C-404E-9E2F-CBD74AEC3180}.Release|iPhone.ActiveCfg = Release|Any CPU
		{5108F8F3-BC4C-404E-9E2F-CBD74AEC3180}.Release|iPhone.Build.0 = Release|Any CPU
		{5108F8F3-BC4C-404E-9E2F-CBD74AEC3180}.Release|iPhoneSimulator.ActiveCfg = Release|Any CPU
		{5108F8F3-BC4C-404E-9E2F-CBD74AEC3180}.Release|iPhoneSimulator.Build.0 = Release|Any CPU
		{C9ACA285-1231-4803-857B-5AC8E4C92A04}.Ad-Hoc|Any CPU.ActiveCfg = Debug|Any CPU
		{C9ACA285-1231-4803-857B-5AC8E4C92A04}.Ad-Hoc|Any CPU.Build.0 = Debug|Any CPU
		{C9ACA285-1231-4803-857B-5AC8E4C92A04}.Ad-Hoc|iPhone.ActiveCfg = Debug|Any CPU
		{C9ACA285-1231-4803-857B-5AC8E4C92A04}.Ad-Hoc|iPhone.Build.0 = Debug|Any CPU
		{C9ACA285-1231-4803-857B-5AC8E4C92A04}.Ad-Hoc|iPhoneSimulator.ActiveCfg = Debug|Any CPU
		{C9ACA285-1231-4803-857B-5AC8E4C92A04}.Ad-Hoc|iPhoneSimulator.Build.0 = Debug|Any CPU
		{C9ACA285-1231-4803-857B-5AC8E4C92A04}.AppStore|Any CPU.ActiveCfg = Debug|Any CPU
		{C9ACA285-1231-4803-857B-5AC8E4C92A04}.AppStore|Any CPU.Build.0 = Debug|Any CPU
		{C9ACA285-1231-4803-857B-5AC8E4C92A04}.AppStore|iPhone.ActiveCfg = Debug|Any CPU
		{C9ACA285-1231-4803-857B-5AC8E4C92A04}.AppStore|iPhone.Build.0 = Debug|Any CPU
		{C9ACA285-1231-4803-857B-5AC8E4C92A04}.AppStore|iPhoneSimulator.ActiveCfg = Debug|Any CPU
		{C9ACA285-1231-4803-857B-5AC8E4C92A04}.AppStore|iPhoneSimulator.Build.0 = Debug|Any CPU
		{C9ACA285-1231-4803-857B-5AC8E4C92A04}.Debug|Any CPU.ActiveCfg = Debug|Any CPU
		{C9ACA285-1231-4803-857B-5AC8E4C92A04}.Debug|Any CPU.Build.0 = Debug|Any CPU
		{C9ACA285-1231-4803-857B-5AC8E4C92A04}.Debug|iPhone.ActiveCfg = Debug|Any CPU
		{C9ACA285-1231-4803-857B-5AC8E4C92A04}.Debug|iPhone.Build.0 = Debug|Any CPU
		{C9ACA285-1231-4803-857B-5AC8E4C92A04}.Debug|iPhoneSimulator.ActiveCfg = Debug|Any CPU
		{C9ACA285-1231-4803-857B-5AC8E4C92A04}.Debug|iPhoneSimulator.Build.0 = Debug|Any CPU
		{C9ACA285-1231-4803-857B-5AC8E4C92A04}.Release|Any CPU.ActiveCfg = Release|Any CPU
		{C9ACA285-1231-4803-857B-5AC8E4C92A04}.Release|Any CPU.Build.0 = Release|Any CPU
		{C9ACA285-1231-4803-857B-5AC8E4C92A04}.Release|iPhone.ActiveCfg = Release|Any CPU
		{C9ACA285-1231-4803-857B-5AC8E4C92A04}.Release|iPhone.Build.0 = Release|Any CPU
		{C9ACA285-1231-4803-857B-5AC8E4C92A04}.Release|iPhoneSimulator.ActiveCfg = Release|Any CPU
		{C9ACA285-1231-4803-857B-5AC8E4C92A04}.Release|iPhoneSimulator.Build.0 = Release|Any CPU
		{E66C7BA5-8F16-4766-90DB-B9A6791109E5}.Ad-Hoc|Any CPU.ActiveCfg = Debug|Any CPU
		{E66C7BA5-8F16-4766-90DB-B9A6791109E5}.Ad-Hoc|Any CPU.Build.0 = Debug|Any CPU
		{E66C7BA5-8F16-4766-90DB-B9A6791109E5}.Ad-Hoc|iPhone.ActiveCfg = Debug|Any CPU
		{E66C7BA5-8F16-4766-90DB-B9A6791109E5}.Ad-Hoc|iPhone.Build.0 = Debug|Any CPU
		{E66C7BA5-8F16-4766-90DB-B9A6791109E5}.Ad-Hoc|iPhoneSimulator.ActiveCfg = Debug|Any CPU
		{E66C7BA5-8F16-4766-90DB-B9A6791109E5}.Ad-Hoc|iPhoneSimulator.Build.0 = Debug|Any CPU
		{E66C7BA5-8F16-4766-90DB-B9A6791109E5}.AppStore|Any CPU.ActiveCfg = Debug|Any CPU
		{E66C7BA5-8F16-4766-90DB-B9A6791109E5}.AppStore|Any CPU.Build.0 = Debug|Any CPU
		{E66C7BA5-8F16-4766-90DB-B9A6791109E5}.AppStore|iPhone.ActiveCfg = Debug|Any CPU
		{E66C7BA5-8F16-4766-90DB-B9A6791109E5}.AppStore|iPhone.Build.0 = Debug|Any CPU
		{E66C7BA5-8F16-4766-90DB-B9A6791109E5}.AppStore|iPhoneSimulator.ActiveCfg = Debug|Any CPU
		{E66C7BA5-8F16-4766-90DB-B9A6791109E5}.AppStore|iPhoneSimulator.Build.0 = Debug|Any CPU
		{E66C7BA5-8F16-4766-90DB-B9A6791109E5}.Debug|Any CPU.ActiveCfg = Debug|Any CPU
		{E66C7BA5-8F16-4766-90DB-B9A6791109E5}.Debug|Any CPU.Build.0 = Debug|Any CPU
		{E66C7BA5-8F16-4766-90DB-B9A6791109E5}.Debug|iPhone.ActiveCfg = Debug|Any CPU
		{E66C7BA5-8F16-4766-90DB-B9A6791109E5}.Debug|iPhone.Build.0 = Debug|Any CPU
		{E66C7BA5-8F16-4766-90DB-B9A6791109E5}.Debug|iPhoneSimulator.ActiveCfg = Debug|Any CPU
		{E66C7BA5-8F16-4766-90DB-B9A6791109E5}.Debug|iPhoneSimulator.Build.0 = Debug|Any CPU
		{E66C7BA5-8F16-4766-90DB-B9A6791109E5}.Release|Any CPU.ActiveCfg = Release|Any CPU
		{E66C7BA5-8F16-4766-90DB-B9A6791109E5}.Release|Any CPU.Build.0 = Release|Any CPU
		{E66C7BA5-8F16-4766-90DB-B9A6791109E5}.Release|iPhone.ActiveCfg = Release|Any CPU
		{E66C7BA5-8F16-4766-90DB-B9A6791109E5}.Release|iPhone.Build.0 = Release|Any CPU
		{E66C7BA5-8F16-4766-90DB-B9A6791109E5}.Release|iPhoneSimulator.ActiveCfg = Release|Any CPU
		{E66C7BA5-8F16-4766-90DB-B9A6791109E5}.Release|iPhoneSimulator.Build.0 = Release|Any CPU
		{8FC21F47-A7BB-4BB1-9A21-A1502C02B974}.Ad-Hoc|Any CPU.ActiveCfg = Debug|Any CPU
		{8FC21F47-A7BB-4BB1-9A21-A1502C02B974}.Ad-Hoc|Any CPU.Build.0 = Debug|Any CPU
		{8FC21F47-A7BB-4BB1-9A21-A1502C02B974}.Ad-Hoc|iPhone.ActiveCfg = Debug|Any CPU
		{8FC21F47-A7BB-4BB1-9A21-A1502C02B974}.Ad-Hoc|iPhone.Build.0 = Debug|Any CPU
		{8FC21F47-A7BB-4BB1-9A21-A1502C02B974}.Ad-Hoc|iPhoneSimulator.ActiveCfg = Debug|Any CPU
		{8FC21F47-A7BB-4BB1-9A21-A1502C02B974}.Ad-Hoc|iPhoneSimulator.Build.0 = Debug|Any CPU
		{8FC21F47-A7BB-4BB1-9A21-A1502C02B974}.AppStore|Any CPU.ActiveCfg = Debug|Any CPU
		{8FC21F47-A7BB-4BB1-9A21-A1502C02B974}.AppStore|Any CPU.Build.0 = Debug|Any CPU
		{8FC21F47-A7BB-4BB1-9A21-A1502C02B974}.AppStore|iPhone.ActiveCfg = Debug|Any CPU
		{8FC21F47-A7BB-4BB1-9A21-A1502C02B974}.AppStore|iPhone.Build.0 = Debug|Any CPU
		{8FC21F47-A7BB-4BB1-9A21-A1502C02B974}.AppStore|iPhoneSimulator.ActiveCfg = Debug|Any CPU
		{8FC21F47-A7BB-4BB1-9A21-A1502C02B974}.AppStore|iPhoneSimulator.Build.0 = Debug|Any CPU
		{8FC21F47-A7BB-4BB1-9A21-A1502C02B974}.Debug|Any CPU.ActiveCfg = Debug|Any CPU
		{8FC21F47-A7BB-4BB1-9A21-A1502C02B974}.Debug|Any CPU.Build.0 = Debug|Any CPU
		{8FC21F47-A7BB-4BB1-9A21-A1502C02B974}.Debug|iPhone.ActiveCfg = Debug|Any CPU
		{8FC21F47-A7BB-4BB1-9A21-A1502C02B974}.Debug|iPhone.Build.0 = Debug|Any CPU
		{8FC21F47-A7BB-4BB1-9A21-A1502C02B974}.Debug|iPhoneSimulator.ActiveCfg = Debug|Any CPU
		{8FC21F47-A7BB-4BB1-9A21-A1502C02B974}.Debug|iPhoneSimulator.Build.0 = Debug|Any CPU
		{8FC21F47-A7BB-4BB1-9A21-A1502C02B974}.Release|Any CPU.ActiveCfg = Release|Any CPU
		{8FC21F47-A7BB-4BB1-9A21-A1502C02B974}.Release|Any CPU.Build.0 = Release|Any CPU
		{8FC21F47-A7BB-4BB1-9A21-A1502C02B974}.Release|iPhone.ActiveCfg = Release|Any CPU
		{8FC21F47-A7BB-4BB1-9A21-A1502C02B974}.Release|iPhone.Build.0 = Release|Any CPU
		{8FC21F47-A7BB-4BB1-9A21-A1502C02B974}.Release|iPhoneSimulator.ActiveCfg = Release|Any CPU
		{8FC21F47-A7BB-4BB1-9A21-A1502C02B974}.Release|iPhoneSimulator.Build.0 = Release|Any CPU
		{6921AEE4-BD0C-4AC3-BCEE-6CBF536C54B3}.Ad-Hoc|Any CPU.ActiveCfg = Debug|Any CPU
		{6921AEE4-BD0C-4AC3-BCEE-6CBF536C54B3}.Ad-Hoc|Any CPU.Build.0 = Debug|Any CPU
		{6921AEE4-BD0C-4AC3-BCEE-6CBF536C54B3}.Ad-Hoc|iPhone.ActiveCfg = Debug|Any CPU
		{6921AEE4-BD0C-4AC3-BCEE-6CBF536C54B3}.Ad-Hoc|iPhone.Build.0 = Debug|Any CPU
		{6921AEE4-BD0C-4AC3-BCEE-6CBF536C54B3}.Ad-Hoc|iPhoneSimulator.ActiveCfg = Debug|Any CPU
		{6921AEE4-BD0C-4AC3-BCEE-6CBF536C54B3}.Ad-Hoc|iPhoneSimulator.Build.0 = Debug|Any CPU
		{6921AEE4-BD0C-4AC3-BCEE-6CBF536C54B3}.AppStore|Any CPU.ActiveCfg = Debug|Any CPU
		{6921AEE4-BD0C-4AC3-BCEE-6CBF536C54B3}.AppStore|Any CPU.Build.0 = Debug|Any CPU
		{6921AEE4-BD0C-4AC3-BCEE-6CBF536C54B3}.AppStore|iPhone.ActiveCfg = Debug|Any CPU
		{6921AEE4-BD0C-4AC3-BCEE-6CBF536C54B3}.AppStore|iPhone.Build.0 = Debug|Any CPU
		{6921AEE4-BD0C-4AC3-BCEE-6CBF536C54B3}.AppStore|iPhoneSimulator.ActiveCfg = Debug|Any CPU
		{6921AEE4-BD0C-4AC3-BCEE-6CBF536C54B3}.AppStore|iPhoneSimulator.Build.0 = Debug|Any CPU
		{6921AEE4-BD0C-4AC3-BCEE-6CBF536C54B3}.Debug|Any CPU.ActiveCfg = Debug|Any CPU
		{6921AEE4-BD0C-4AC3-BCEE-6CBF536C54B3}.Debug|Any CPU.Build.0 = Debug|Any CPU
		{6921AEE4-BD0C-4AC3-BCEE-6CBF536C54B3}.Debug|iPhone.ActiveCfg = Debug|Any CPU
		{6921AEE4-BD0C-4AC3-BCEE-6CBF536C54B3}.Debug|iPhone.Build.0 = Debug|Any CPU
		{6921AEE4-BD0C-4AC3-BCEE-6CBF536C54B3}.Debug|iPhoneSimulator.ActiveCfg = Debug|Any CPU
		{6921AEE4-BD0C-4AC3-BCEE-6CBF536C54B3}.Debug|iPhoneSimulator.Build.0 = Debug|Any CPU
		{6921AEE4-BD0C-4AC3-BCEE-6CBF536C54B3}.Release|Any CPU.ActiveCfg = Release|Any CPU
		{6921AEE4-BD0C-4AC3-BCEE-6CBF536C54B3}.Release|Any CPU.Build.0 = Release|Any CPU
		{6921AEE4-BD0C-4AC3-BCEE-6CBF536C54B3}.Release|iPhone.ActiveCfg = Release|Any CPU
		{6921AEE4-BD0C-4AC3-BCEE-6CBF536C54B3}.Release|iPhone.Build.0 = Release|Any CPU
		{6921AEE4-BD0C-4AC3-BCEE-6CBF536C54B3}.Release|iPhoneSimulator.ActiveCfg = Release|Any CPU
		{6921AEE4-BD0C-4AC3-BCEE-6CBF536C54B3}.Release|iPhoneSimulator.Build.0 = Release|Any CPU
	EndGlobalSection
	GlobalSection(SolutionProperties) = preSolution
		HideSolutionNode = FALSE
	EndGlobalSection
	GlobalSection(ExtensibilityGlobals) = postSolution
		SolutionGuid = {59748808-40F7-45B0-B60D-8411FDBE72EC}
	EndGlobalSection
EndGlobal
